
Microsoft Visual Studio Solution File, Format Version 12.00
# Visual Studio Version 17
VisualStudioVersion = 17.3.32901.215
MinimumVisualStudioVersion = 10.0.40219.1
Project("{8BC9CEB8-8B4A-11D0-8D11-00A0C91BC942}") = "lab_9.2.B", "lab_9.2.B\lab_9.2.B.vcxproj", "{BFCBD7AF-B6B9-4C45-BD8F-FB029738664F}"
EndProject
Project("{8BC9CEB8-8B4A-11D0-8D11-00A0C91BC942}") = "UnitTest_9.2.B", "UnitTest_9.2.B\UnitTest_9.2.B.vcxproj", "{9CADB316-4AB2-40E6-A8E1-7C9FFF7F14D0}"
EndProject
Global
	GlobalSection(SolutionConfigurationPlatforms) = preSolution
		Debug|x64 = Debug|x64
		Debug|x86 = Debug|x86
		Release|x64 = Release|x64
		Release|x86 = Release|x86
	EndGlobalSection
	GlobalSection(ProjectConfigurationPlatforms) = postSolution
		{BFCBD7AF-B6B9-4C45-BD8F-FB029738664F}.Debug|x64.ActiveCfg = Debug|x64
		{BFCBD7AF-B6B9-4C45-BD8F-FB029738664F}.Debug|x64.Build.0 = Debug|x64
		{BFCBD7AF-B6B9-4C45-BD8F-FB029738664F}.Debug|x86.ActiveCfg = Debug|Win32
		{BFCBD7AF-B6B9-4C45-BD8F-FB029738664F}.Debug|x86.Build.0 = Debug|Win32
		{BFCBD7AF-B6B9-4C45-BD8F-FB029738664F}.Release|x64.ActiveCfg = Release|x64
		{BFCBD7AF-B6B9-4C45-BD8F-FB029738664F}.Release|x64.Build.0 = Release|x64
		{BFCBD7AF-B6B9-4C45-BD8F-FB029738664F}.Release|x86.ActiveCfg = Release|Win32
		{BFCBD7AF-B6B9-4C45-BD8F-FB029738664F}.Release|x86.Build.0 = Release|Win32
		{9CADB316-4AB2-40E6-A8E1-7C9FFF7F14D0}.Debug|x64.ActiveCfg = Debug|x64
		{9CADB316-4AB2-40E6-A8E1-7C9FFF7F14D0}.Debug|x64.Build.0 = Debug|x64
		{9CADB316-4AB2-40E6-A8E1-7C9FFF7F14D0}.Debug|x86.ActiveCfg = Debug|Win32
		{9CADB316-4AB2-40E6-A8E1-7C9FFF7F14D0}.Debug|x86.Build.0 = Debug|Win32
		{9CADB316-4AB2-40E6-A8E1-7C9FFF7F14D0}.Release|x64.ActiveCfg = Release|x64
		{9CADB316-4AB2-40E6-A8E1-7C9FFF7F14D0}.Release|x64.Build.0 = Release|x64
		{9CADB316-4AB2-40E6-A8E1-7C9FFF7F14D0}.Release|x86.ActiveCfg = Release|Win32
		{9CADB316-4AB2-40E6-A8E1-7C9FFF7F14D0}.Release|x86.Build.0 = Release|Win32
	EndGlobalSection
	GlobalSection(SolutionProperties) = preSolution
		HideSolutionNode = FALSE
	EndGlobalSection
	GlobalSection(ExtensibilityGlobals) = postSolution
		SolutionGuid = {54AE837E-213D-460E-8CF4-D8D5B87FF754}
	EndGlobalSection
EndGlobal
